
Microsoft Visual Studio Solution File, Format Version 12.00
# Visual Studio 14
VisualStudioVersion = 14.0.25123.0
MinimumVisualStudioVersion = 10.0.40219.1
Project("{FAE04EC0-301F-11D3-BF4B-00C04F79EFBC}") = "TekionClient.Droid", "TekionClient\TekionClient.Droid\TekionClient.Droid.csproj", "{F48B237B-4F28-41B7-997D-7D7A2F159B64}"
EndProject
Project("{FAE04EC0-301F-11D3-BF4B-00C04F79EFBC}") = "TekionClient.iOS", "TekionClient\TekionClient.iOS\TekionClient.iOS.csproj", "{ECB990F7-44BB-44F6-B559-71CBE0CABB05}"
EndProject
Project("{FAE04EC0-301F-11D3-BF4B-00C04F79EFBC}") = "TekionClient.WinPhone", "TekionClient\TekionClient.WinPhone\TekionClient.WinPhone.csproj", "{DE93FCBC-D013-4E4B-BE7E-3F87AEADDF18}"
EndProject
Project("{FAE04EC0-301F-11D3-BF4B-00C04F79EFBC}") = "TekionClient.UWP", "TekionClient\TekionClient.UWP\TekionClient.UWP.csproj", "{A844990D-56A1-465B-BF6A-DEC04D2423B1}"
EndProject
Project("{FAE04EC0-301F-11D3-BF4B-00C04F79EFBC}") = "TekionClient.Windows", "TekionClient\TekionClient.Windows\TekionClient.Windows.csproj", "{209FB88D-525F-4581-BADE-AEFCC4080894}"
EndProject
Project("{FAE04EC0-301F-11D3-BF4B-00C04F79EFBC}") = "TekionClient", "TekionClient\TekionClient\TekionClient.csproj", "{3969E60C-A9FB-4DFA-8D97-F95E6660D4D0}"
EndProject
Global
	GlobalSection(SolutionConfigurationPlatforms) = preSolution
		Ad-Hoc|Any CPU = Ad-Hoc|Any CPU
		Ad-Hoc|ARM = Ad-Hoc|ARM
		Ad-Hoc|iPhone = Ad-Hoc|iPhone
		Ad-Hoc|iPhoneSimulator = Ad-Hoc|iPhoneSimulator
		Ad-Hoc|x64 = Ad-Hoc|x64
		Ad-Hoc|x86 = Ad-Hoc|x86
		AppStore|Any CPU = AppStore|Any CPU
		AppStore|ARM = AppStore|ARM
		AppStore|iPhone = AppStore|iPhone
		AppStore|iPhoneSimulator = AppStore|iPhoneSimulator
		AppStore|x64 = AppStore|x64
		AppStore|x86 = AppStore|x86
		Debug|Any CPU = Debug|Any CPU
		Debug|ARM = Debug|ARM
		Debug|iPhone = Debug|iPhone
		Debug|iPhoneSimulator = Debug|iPhoneSimulator
		Debug|x64 = Debug|x64
		Debug|x86 = Debug|x86
		Release|Any CPU = Release|Any CPU
		Release|ARM = Release|ARM
		Release|iPhone = Release|iPhone
		Release|iPhoneSimulator = Release|iPhoneSimulator
		Release|x64 = Release|x64
		Release|x86 = Release|x86
	EndGlobalSection
	GlobalSection(ProjectConfigurationPlatforms) = postSolution
		{F48B237B-4F28-41B7-997D-7D7A2F159B64}.Ad-Hoc|Any CPU.ActiveCfg = Release|Any CPU
		{F48B237B-4F28-41B7-997D-7D7A2F159B64}.Ad-Hoc|Any CPU.Build.0 = Release|Any CPU
		{F48B237B-4F28-41B7-997D-7D7A2F159B64}.Ad-Hoc|Any CPU.Deploy.0 = Release|Any CPU
		{F48B237B-4F28-41B7-997D-7D7A2F159B64}.Ad-Hoc|ARM.ActiveCfg = Release|Any CPU
		{F48B237B-4F28-41B7-997D-7D7A2F159B64}.Ad-Hoc|ARM.Build.0 = Release|Any CPU
		{F48B237B-4F28-41B7-997D-7D7A2F159B64}.Ad-Hoc|ARM.Deploy.0 = Release|Any CPU
		{F48B237B-4F28-41B7-997D-7D7A2F159B64}.Ad-Hoc|iPhone.ActiveCfg = Release|Any CPU
		{F48B237B-4F28-41B7-997D-7D7A2F159B64}.Ad-Hoc|iPhone.Build.0 = Release|Any CPU
		{F48B237B-4F28-41B7-997D-7D7A2F159B64}.Ad-Hoc|iPhone.Deploy.0 = Release|Any CPU
		{F48B237B-4F28-41B7-997D-7D7A2F159B64}.Ad-Hoc|iPhoneSimulator.ActiveCfg = Release|Any CPU
		{F48B237B-4F28-41B7-997D-7D7A2F159B64}.Ad-Hoc|iPhoneSimulator.Build.0 = Release|Any CPU
		{F48B237B-4F28-41B7-997D-7D7A2F159B64}.Ad-Hoc|iPhoneSimulator.Deploy.0 = Release|Any CPU
		{F48B237B-4F28-41B7-997D-7D7A2F159B64}.Ad-Hoc|x64.ActiveCfg = Release|Any CPU
		{F48B237B-4F28-41B7-997D-7D7A2F159B64}.Ad-Hoc|x64.Build.0 = Release|Any CPU
		{F48B237B-4F28-41B7-997D-7D7A2F159B64}.Ad-Hoc|x64.Deploy.0 = Release|Any CPU
		{F48B237B-4F28-41B7-997D-7D7A2F159B64}.Ad-Hoc|x86.ActiveCfg = Release|Any CPU
		{F48B237B-4F28-41B7-997D-7D7A2F159B64}.Ad-Hoc|x86.Build.0 = Release|Any CPU
		{F48B237B-4F28-41B7-997D-7D7A2F159B64}.Ad-Hoc|x86.Deploy.0 = Release|Any CPU
		{F48B237B-4F28-41B7-997D-7D7A2F159B64}.AppStore|Any CPU.ActiveCfg = Release|Any CPU
		{F48B237B-4F28-41B7-997D-7D7A2F159B64}.AppStore|Any CPU.Build.0 = Release|Any CPU
		{F48B237B-4F28-41B7-997D-7D7A2F159B64}.AppStore|Any CPU.Deploy.0 = Release|Any CPU
		{F48B237B-4F28-41B7-997D-7D7A2F159B64}.AppStore|ARM.ActiveCfg = Release|Any CPU
		{F48B237B-4F28-41B7-997D-7D7A2F159B64}.AppStore|ARM.Build.0 = Release|Any CPU
		{F48B237B-4F28-41B7-997D-7D7A2F159B64}.AppStore|ARM.Deploy.0 = Release|Any CPU
		{F48B237B-4F28-41B7-997D-7D7A2F159B64}.AppStore|iPhone.ActiveCfg = Release|Any CPU
		{F48B237B-4F28-41B7-997D-7D7A2F159B64}.AppStore|iPhone.Build.0 = Release|Any CPU
		{F48B237B-4F28-41B7-997D-7D7A2F159B64}.AppStore|iPhone.Deploy.0 = Release|Any CPU
		{F48B237B-4F28-41B7-997D-7D7A2F159B64}.AppStore|iPhoneSimulator.ActiveCfg = Release|Any CPU
		{F48B237B-4F28-41B7-997D-7D7A2F159B64}.AppStore|iPhoneSimulator.Build.0 = Release|Any CPU
		{F48B237B-4F28-41B7-997D-7D7A2F159B64}.AppStore|iPhoneSimulator.Deploy.0 = Release|Any CPU
		{F48B237B-4F28-41B7-997D-7D7A2F159B64}.AppStore|x64.ActiveCfg = Release|Any CPU
		{F48B237B-4F28-41B7-997D-7D7A2F159B64}.AppStore|x64.Build.0 = Release|Any CPU
		{F48B237B-4F28-41B7-997D-7D7A2F159B64}.AppStore|x64.Deploy.0 = Release|Any CPU
		{F48B237B-4F28-41B7-997D-7D7A2F159B64}.AppStore|x86.ActiveCfg = Release|Any CPU
		{F48B237B-4F28-41B7-997D-7D7A2F159B64}.AppStore|x86.Build.0 = Release|Any CPU
		{F48B237B-4F28-41B7-997D-7D7A2F159B64}.AppStore|x86.Deploy.0 = Release|Any CPU
		{F48B237B-4F28-41B7-997D-7D7A2F159B64}.Debug|Any CPU.ActiveCfg = Debug|Any CPU
		{F48B237B-4F28-41B7-997D-7D7A2F159B64}.Debug|Any CPU.Build.0 = Debug|Any CPU
		{F48B237B-4F28-41B7-997D-7D7A2F159B64}.Debug|Any CPU.Deploy.0 = Debug|Any CPU
		{F48B237B-4F28-41B7-997D-7D7A2F159B64}.Debug|ARM.ActiveCfg = Debug|Any CPU
		{F48B237B-4F28-41B7-997D-7D7A2F159B64}.Debug|ARM.Build.0 = Debug|Any CPU
		{F48B237B-4F28-41B7-997D-7D7A2F159B64}.Debug|ARM.Deploy.0 = Debug|Any CPU
		{F48B237B-4F28-41B7-997D-7D7A2F159B64}.Debug|iPhone.ActiveCfg = Debug|Any CPU
		{F48B237B-4F28-41B7-997D-7D7A2F159B64}.Debug|iPhone.Build.0 = Debug|Any CPU
		{F48B237B-4F28-41B7-997D-7D7A2F159B64}.Debug|iPhone.Deploy.0 = Debug|Any CPU
		{F48B237B-4F28-41B7-997D-7D7A2F159B64}.Debug|iPhoneSimulator.ActiveCfg = Debug|Any CPU
		{F48B237B-4F28-41B7-997D-7D7A2F159B64}.Debug|iPhoneSimulator.Build.0 = Debug|Any CPU
		{F48B237B-4F28-41B7-997D-7D7A2F159B64}.Debug|iPhoneSimulator.Deploy.0 = Debug|Any CPU
		{F48B237B-4F28-41B7-997D-7D7A2F159B64}.Debug|x64.ActiveCfg = Debug|Any CPU
		{F48B237B-4F28-41B7-997D-7D7A2F159B64}.Debug|x64.Build.0 = Debug|Any CPU
		{F48B237B-4F28-41B7-997D-7D7A2F159B64}.Debug|x64.Deploy.0 = Debug|Any CPU
		{F48B237B-4F28-41B7-997D-7D7A2F159B64}.Debug|x86.ActiveCfg = Debug|Any CPU
		{F48B237B-4F28-41B7-997D-7D7A2F159B64}.Debug|x86.Build.0 = Debug|Any CPU
		{F48B237B-4F28-41B7-997D-7D7A2F159B64}.Debug|x86.Deploy.0 = Debug|Any CPU
		{F48B237B-4F28-41B7-997D-7D7A2F159B64}.Release|Any CPU.ActiveCfg = Release|Any CPU
		{F48B237B-4F28-41B7-997D-7D7A2F159B64}.Release|Any CPU.Build.0 = Release|Any CPU
		{F48B237B-4F28-41B7-997D-7D7A2F159B64}.Release|Any CPU.Deploy.0 = Release|Any CPU
		{F48B237B-4F28-41B7-997D-7D7A2F159B64}.Release|ARM.ActiveCfg = Release|Any CPU
		{F48B237B-4F28-41B7-997D-7D7A2F159B64}.Release|ARM.Build.0 = Release|Any CPU
		{F48B237B-4F28-41B7-997D-7D7A2F159B64}.Release|ARM.Deploy.0 = Release|Any CPU
		{F48B237B-4F28-41B7-997D-7D7A2F159B64}.Release|iPhone.ActiveCfg = Release|Any CPU
		{F48B237B-4F28-41B7-997D-7D7A2F159B64}.Release|iPhone.Build.0 = Release|Any CPU
		{F48B237B-4F28-41B7-997D-7D7A2F159B64}.Release|iPhone.Deploy.0 = Release|Any CPU
		{F48B237B-4F28-41B7-997D-7D7A2F159B64}.Release|iPhoneSimulator.ActiveCfg = Release|Any CPU
		{F48B237B-4F28-41B7-997D-7D7A2F159B64}.Release|iPhoneSimulator.Build.0 = Release|Any CPU
		{F48B237B-4F28-41B7-997D-7D7A2F159B64}.Release|iPhoneSimulator.Deploy.0 = Release|Any CPU
		{F48B237B-4F28-41B7-997D-7D7A2F159B64}.Release|x64.ActiveCfg = Release|Any CPU
		{F48B237B-4F28-41B7-997D-7D7A2F159B64}.Release|x64.Build.0 = Release|Any CPU
		{F48B237B-4F28-41B7-997D-7D7A2F159B64}.Release|x64.Deploy.0 = Release|Any CPU
		{F48B237B-4F28-41B7-997D-7D7A2F159B64}.Release|x86.ActiveCfg = Release|Any CPU
		{F48B237B-4F28-41B7-997D-7D7A2F159B64}.Release|x86.Build.0 = Release|Any CPU
		{F48B237B-4F28-41B7-997D-7D7A2F159B64}.Release|x86.Deploy.0 = Release|Any CPU
		{ECB990F7-44BB-44F6-B559-71CBE0CABB05}.Ad-Hoc|Any CPU.ActiveCfg = Ad-Hoc|iPhone
		{ECB990F7-44BB-44F6-B559-71CBE0CABB05}.Ad-Hoc|ARM.ActiveCfg = Ad-Hoc|iPhone
		{ECB990F7-44BB-44F6-B559-71CBE0CABB05}.Ad-Hoc|iPhone.ActiveCfg = Ad-Hoc|iPhone
		{ECB990F7-44BB-44F6-B559-71CBE0CABB05}.Ad-Hoc|iPhone.Build.0 = Ad-Hoc|iPhone
		{ECB990F7-44BB-44F6-B559-71CBE0CABB05}.Ad-Hoc|iPhoneSimulator.ActiveCfg = Ad-Hoc|iPhoneSimulator
		{ECB990F7-44BB-44F6-B559-71CBE0CABB05}.Ad-Hoc|iPhoneSimulator.Build.0 = Ad-Hoc|iPhoneSimulator
		{ECB990F7-44BB-44F6-B559-71CBE0CABB05}.Ad-Hoc|x64.ActiveCfg = Ad-Hoc|iPhone
		{ECB990F7-44BB-44F6-B559-71CBE0CABB05}.Ad-Hoc|x86.ActiveCfg = Ad-Hoc|iPhone
		{ECB990F7-44BB-44F6-B559-71CBE0CABB05}.AppStore|Any CPU.ActiveCfg = AppStore|iPhone
		{ECB990F7-44BB-44F6-B559-71CBE0CABB05}.AppStore|ARM.ActiveCfg = AppStore|iPhone
		{ECB990F7-44BB-44F6-B559-71CBE0CABB05}.AppStore|iPhone.ActiveCfg = AppStore|iPhone
		{ECB990F7-44BB-44F6-B559-71CBE0CABB05}.AppStore|iPhone.Build.0 = AppStore|iPhone
		{ECB990F7-44BB-44F6-B559-71CBE0CABB05}.AppStore|iPhoneSimulator.ActiveCfg = AppStore|iPhoneSimulator
		{ECB990F7-44BB-44F6-B559-71CBE0CABB05}.AppStore|iPhoneSimulator.Build.0 = AppStore|iPhoneSimulator
		{ECB990F7-44BB-44F6-B559-71CBE0CABB05}.AppStore|x64.ActiveCfg = AppStore|iPhone
		{ECB990F7-44BB-44F6-B559-71CBE0CABB05}.AppStore|x86.ActiveCfg = AppStore|iPhone
		{ECB990F7-44BB-44F6-B559-71CBE0CABB05}.Debug|Any CPU.ActiveCfg = Debug|iPhone
		{ECB990F7-44BB-44F6-B559-71CBE0CABB05}.Debug|ARM.ActiveCfg = Debug|iPhone
		{ECB990F7-44BB-44F6-B559-71CBE0CABB05}.Debug|iPhone.ActiveCfg = Debug|iPhone
		{ECB990F7-44BB-44F6-B559-71CBE0CABB05}.Debug|iPhone.Build.0 = Debug|iPhone
		{ECB990F7-44BB-44F6-B559-71CBE0CABB05}.Debug|iPhoneSimulator.ActiveCfg = Debug|iPhoneSimulator
		{ECB990F7-44BB-44F6-B559-71CBE0CABB05}.Debug|iPhoneSimulator.Build.0 = Debug|iPhoneSimulator
		{ECB990F7-44BB-44F6-B559-71CBE0CABB05}.Debug|x64.ActiveCfg = Debug|iPhone
		{ECB990F7-44BB-44F6-B559-71CBE0CABB05}.Debug|x86.ActiveCfg = Debug|iPhone
		{ECB990F7-44BB-44F6-B559-71CBE0CABB05}.Release|Any CPU.ActiveCfg = Release|iPhone
		{ECB990F7-44BB-44F6-B559-71CBE0CABB05}.Release|ARM.ActiveCfg = Release|iPhone
		{ECB990F7-44BB-44F6-B559-71CBE0CABB05}.Release|iPhone.ActiveCfg = Release|iPhone
		{ECB990F7-44BB-44F6-B559-71CBE0CABB05}.Release|iPhone.Build.0 = Release|iPhone
		{ECB990F7-44BB-44F6-B559-71CBE0CABB05}.Release|iPhoneSimulator.ActiveCfg = Release|iPhoneSimulator
		{ECB990F7-44BB-44F6-B559-71CBE0CABB05}.Release|iPhoneSimulator.Build.0 = Release|iPhoneSimulator
		{ECB990F7-44BB-44F6-B559-71CBE0CABB05}.Release|x64.ActiveCfg = Release|iPhone
		{ECB990F7-44BB-44F6-B559-71CBE0CABB05}.Release|x86.ActiveCfg = Release|iPhone
		{DE93FCBC-D013-4E4B-BE7E-3F87AEADDF18}.Ad-Hoc|Any CPU.ActiveCfg = Release|Any CPU
		{DE93FCBC-D013-4E4B-BE7E-3F87AEADDF18}.Ad-Hoc|Any CPU.Build.0 = Release|Any CPU
		{DE93FCBC-D013-4E4B-BE7E-3F87AEADDF18}.Ad-Hoc|Any CPU.Deploy.0 = Release|Any CPU
		{DE93FCBC-D013-4E4B-BE7E-3F87AEADDF18}.Ad-Hoc|ARM.ActiveCfg = Release|ARM
		{DE93FCBC-D013-4E4B-BE7E-3F87AEADDF18}.Ad-Hoc|ARM.Build.0 = Release|ARM
		{DE93FCBC-D013-4E4B-BE7E-3F87AEADDF18}.Ad-Hoc|ARM.Deploy.0 = Release|ARM
		{DE93FCBC-D013-4E4B-BE7E-3F87AEADDF18}.Ad-Hoc|iPhone.ActiveCfg = Release|Any CPU
		{DE93FCBC-D013-4E4B-BE7E-3F87AEADDF18}.Ad-Hoc|iPhone.Build.0 = Release|Any CPU
		{DE93FCBC-D013-4E4B-BE7E-3F87AEADDF18}.Ad-Hoc|iPhone.Deploy.0 = Release|Any CPU
		{DE93FCBC-D013-4E4B-BE7E-3F87AEADDF18}.Ad-Hoc|iPhoneSimulator.ActiveCfg = Release|Any CPU
		{DE93FCBC-D013-4E4B-BE7E-3F87AEADDF18}.Ad-Hoc|iPhoneSimulator.Build.0 = Release|Any CPU
		{DE93FCBC-D013-4E4B-BE7E-3F87AEADDF18}.Ad-Hoc|iPhoneSimulator.Deploy.0 = Release|Any CPU
		{DE93FCBC-D013-4E4B-BE7E-3F87AEADDF18}.Ad-Hoc|x64.ActiveCfg = Release|Any CPU
		{DE93FCBC-D013-4E4B-BE7E-3F87AEADDF18}.Ad-Hoc|x64.Build.0 = Release|Any CPU
		{DE93FCBC-D013-4E4B-BE7E-3F87AEADDF18}.Ad-Hoc|x64.Deploy.0 = Release|Any CPU
		{DE93FCBC-D013-4E4B-BE7E-3F87AEADDF18}.Ad-Hoc|x86.ActiveCfg = Release|x86
		{DE93FCBC-D013-4E4B-BE7E-3F87AEADDF18}.Ad-Hoc|x86.Build.0 = Release|x86
		{DE93FCBC-D013-4E4B-BE7E-3F87AEADDF18}.Ad-Hoc|x86.Deploy.0 = Release|x86
		{DE93FCBC-D013-4E4B-BE7E-3F87AEADDF18}.AppStore|Any CPU.ActiveCfg = Release|Any CPU
		{DE93FCBC-D013-4E4B-BE7E-3F87AEADDF18}.AppStore|Any CPU.Build.0 = Release|Any CPU
		{DE93FCBC-D013-4E4B-BE7E-3F87AEADDF18}.AppStore|Any CPU.Deploy.0 = Release|Any CPU
		{DE93FCBC-D013-4E4B-BE7E-3F87AEADDF18}.AppStore|ARM.ActiveCfg = Release|ARM
		{DE93FCBC-D013-4E4B-BE7E-3F87AEADDF18}.AppStore|ARM.Build.0 = Release|ARM
		{DE93FCBC-D013-4E4B-BE7E-3F87AEADDF18}.AppStore|ARM.Deploy.0 = Release|ARM
		{DE93FCBC-D013-4E4B-BE7E-3F87AEADDF18}.AppStore|iPhone.ActiveCfg = Release|Any CPU
		{DE93FCBC-D013-4E4B-BE7E-3F87AEADDF18}.AppStore|iPhone.Build.0 = Release|Any CPU
		{DE93FCBC-D013-4E4B-BE7E-3F87AEADDF18}.AppStore|iPhone.Deploy.0 = Release|Any CPU
		{DE93FCBC-D013-4E4B-BE7E-3F87AEADDF18}.AppStore|iPhoneSimulator.ActiveCfg = Release|Any CPU
		{DE93FCBC-D013-4E4B-BE7E-3F87AEADDF18}.AppStore|iPhoneSimulator.Build.0 = Release|Any CPU
		{DE93FCBC-D013-4E4B-BE7E-3F87AEADDF18}.AppStore|iPhoneSimulator.Deploy.0 = Release|Any CPU
		{DE93FCBC-D013-4E4B-BE7E-3F87AEADDF18}.AppStore|x64.ActiveCfg = Release|Any CPU
		{DE93FCBC-D013-4E4B-BE7E-3F87AEADDF18}.AppStore|x64.Build.0 = Release|Any CPU
		{DE93FCBC-D013-4E4B-BE7E-3F87AEADDF18}.AppStore|x64.Deploy.0 = Release|Any CPU
		{DE93FCBC-D013-4E4B-BE7E-3F87AEADDF18}.AppStore|x86.ActiveCfg = Release|x86
		{DE93FCBC-D013-4E4B-BE7E-3F87AEADDF18}.AppStore|x86.Build.0 = Release|x86
		{DE93FCBC-D013-4E4B-BE7E-3F87AEADDF18}.AppStore|x86.Deploy.0 = Release|x86
		{DE93FCBC-D013-4E4B-BE7E-3F87AEADDF18}.Debug|Any CPU.ActiveCfg = Debug|Any CPU
		{DE93FCBC-D013-4E4B-BE7E-3F87AEADDF18}.Debug|Any CPU.Build.0 = Debug|Any CPU
		{DE93FCBC-D013-4E4B-BE7E-3F87AEADDF18}.Debug|Any CPU.Deploy.0 = Debug|Any CPU
		{DE93FCBC-D013-4E4B-BE7E-3F87AEADDF18}.Debug|ARM.ActiveCfg = Debug|ARM
		{DE93FCBC-D013-4E4B-BE7E-3F87AEADDF18}.Debug|ARM.Build.0 = Debug|ARM
		{DE93FCBC-D013-4E4B-BE7E-3F87AEADDF18}.Debug|ARM.Deploy.0 = Debug|ARM
		{DE93FCBC-D013-4E4B-BE7E-3F87AEADDF18}.Debug|iPhone.ActiveCfg = Debug|Any CPU
		{DE93FCBC-D013-4E4B-BE7E-3F87AEADDF18}.Debug|iPhone.Build.0 = Debug|Any CPU
		{DE93FCBC-D013-4E4B-BE7E-3F87AEADDF18}.Debug|iPhone.Deploy.0 = Debug|Any CPU
		{DE93FCBC-D013-4E4B-BE7E-3F87AEADDF18}.Debug|iPhoneSimulator.ActiveCfg = Debug|Any CPU
		{DE93FCBC-D013-4E4B-BE7E-3F87AEADDF18}.Debug|iPhoneSimulator.Build.0 = Debug|Any CPU
		{DE93FCBC-D013-4E4B-BE7E-3F87AEADDF18}.Debug|iPhoneSimulator.Deploy.0 = Debug|Any CPU
		{DE93FCBC-D013-4E4B-BE7E-3F87AEADDF18}.Debug|x64.ActiveCfg = Debug|Any CPU
		{DE93FCBC-D013-4E4B-BE7E-3F87AEADDF18}.Debug|x64.Build.0 = Debug|Any CPU
		{DE93FCBC-D013-4E4B-BE7E-3F87AEADDF18}.Debug|x64.Deploy.0 = Debug|Any CPU
		{DE93FCBC-D013-4E4B-BE7E-3F87AEADDF18}.Debug|x86.ActiveCfg = Debug|x86
		{DE93FCBC-D013-4E4B-BE7E-3F87AEADDF18}.Debug|x86.Build.0 = Debug|x86
		{DE93FCBC-D013-4E4B-BE7E-3F87AEADDF18}.Debug|x86.Deploy.0 = Debug|x86
		{DE93FCBC-D013-4E4B-BE7E-3F87AEADDF18}.Release|Any CPU.ActiveCfg = Release|Any CPU
		{DE93FCBC-D013-4E4B-BE7E-3F87AEADDF18}.Release|Any CPU.Build.0 = Release|Any CPU
		{DE93FCBC-D013-4E4B-BE7E-3F87AEADDF18}.Release|Any CPU.Deploy.0 = Release|Any CPU
		{DE93FCBC-D013-4E4B-BE7E-3F87AEADDF18}.Release|ARM.ActiveCfg = Release|ARM
		{DE93FCBC-D013-4E4B-BE7E-3F87AEADDF18}.Release|ARM.Build.0 = Release|ARM
		{DE93FCBC-D013-4E4B-BE7E-3F87AEADDF18}.Release|ARM.Deploy.0 = Release|ARM
		{DE93FCBC-D013-4E4B-BE7E-3F87AEADDF18}.Release|iPhone.ActiveCfg = Release|Any CPU
		{DE93FCBC-D013-4E4B-BE7E-3F87AEADDF18}.Release|iPhone.Build.0 = Release|Any CPU
		{DE93FCBC-D013-4E4B-BE7E-3F87AEADDF18}.Release|iPhone.Deploy.0 = Release|Any CPU
		{DE93FCBC-D013-4E4B-BE7E-3F87AEADDF18}.Release|iPhoneSimulator.ActiveCfg = Release|Any CPU
		{DE93FCBC-D013-4E4B-BE7E-3F87AEADDF18}.Release|iPhoneSimulator.Build.0 = Release|Any CPU
		{DE93FCBC-D013-4E4B-BE7E-3F87AEADDF18}.Release|iPhoneSimulator.Deploy.0 = Release|Any CPU
		{DE93FCBC-D013-4E4B-BE7E-3F87AEADDF18}.Release|x64.ActiveCfg = Release|Any CPU
		{DE93FCBC-D013-4E4B-BE7E-3F87AEADDF18}.Release|x64.Build.0 = Release|Any CPU
		{DE93FCBC-D013-4E4B-BE7E-3F87AEADDF18}.Release|x64.Deploy.0 = Release|Any CPU
		{DE93FCBC-D013-4E4B-BE7E-3F87AEADDF18}.Release|x86.ActiveCfg = Release|x86
		{DE93FCBC-D013-4E4B-BE7E-3F87AEADDF18}.Release|x86.Build.0 = Release|x86
		{DE93FCBC-D013-4E4B-BE7E-3F87AEADDF18}.Release|x86.Deploy.0 = Release|x86
		{A844990D-56A1-465B-BF6A-DEC04D2423B1}.Ad-Hoc|Any CPU.ActiveCfg = Release|x86
		{A844990D-56A1-465B-BF6A-DEC04D2423B1}.Ad-Hoc|Any CPU.Build.0 = Release|x86
		{A844990D-56A1-465B-BF6A-DEC04D2423B1}.Ad-Hoc|Any CPU.Deploy.0 = Release|x86
		{A844990D-56A1-465B-BF6A-DEC04D2423B1}.Ad-Hoc|ARM.ActiveCfg = Release|ARM
		{A844990D-56A1-465B-BF6A-DEC04D2423B1}.Ad-Hoc|ARM.Build.0 = Release|ARM
		{A844990D-56A1-465B-BF6A-DEC04D2423B1}.Ad-Hoc|ARM.Deploy.0 = Release|ARM
		{A844990D-56A1-465B-BF6A-DEC04D2423B1}.Ad-Hoc|iPhone.ActiveCfg = Release|x86
		{A844990D-56A1-465B-BF6A-DEC04D2423B1}.Ad-Hoc|iPhone.Build.0 = Release|x86
		{A844990D-56A1-465B-BF6A-DEC04D2423B1}.Ad-Hoc|iPhone.Deploy.0 = Release|x86
		{A844990D-56A1-465B-BF6A-DEC04D2423B1}.Ad-Hoc|iPhoneSimulator.ActiveCfg = Release|x86
		{A844990D-56A1-465B-BF6A-DEC04D2423B1}.Ad-Hoc|iPhoneSimulator.Build.0 = Release|x86
		{A844990D-56A1-465B-BF6A-DEC04D2423B1}.Ad-Hoc|iPhoneSimulator.Deploy.0 = Release|x86
		{A844990D-56A1-465B-BF6A-DEC04D2423B1}.Ad-Hoc|x64.ActiveCfg = Release|x64
		{A844990D-56A1-465B-BF6A-DEC04D2423B1}.Ad-Hoc|x64.Build.0 = Release|x64
		{A844990D-56A1-465B-BF6A-DEC04D2423B1}.Ad-Hoc|x64.Deploy.0 = Release|x64
		{A844990D-56A1-465B-BF6A-DEC04D2423B1}.Ad-Hoc|x86.ActiveCfg = Release|x86
		{A844990D-56A1-465B-BF6A-DEC04D2423B1}.Ad-Hoc|x86.Build.0 = Release|x86
		{A844990D-56A1-465B-BF6A-DEC04D2423B1}.Ad-Hoc|x86.Deploy.0 = Release|x86
		{A844990D-56A1-465B-BF6A-DEC04D2423B1}.AppStore|Any CPU.ActiveCfg = Release|x86
		{A844990D-56A1-465B-BF6A-DEC04D2423B1}.AppStore|Any CPU.Build.0 = Release|x86
		{A844990D-56A1-465B-BF6A-DEC04D2423B1}.AppStore|Any CPU.Deploy.0 = Release|x86
		{A844990D-56A1-465B-BF6A-DEC04D2423B1}.AppStore|ARM.ActiveCfg = Release|ARM
		{A844990D-56A1-465B-BF6A-DEC04D2423B1}.AppStore|ARM.Build.0 = Release|ARM
		{A844990D-56A1-465B-BF6A-DEC04D2423B1}.AppStore|ARM.Deploy.0 = Release|ARM
		{A844990D-56A1-465B-BF6A-DEC04D2423B1}.AppStore|iPhone.ActiveCfg = Release|x86
		{A844990D-56A1-465B-BF6A-DEC04D2423B1}.AppStore|iPhone.Build.0 = Release|x86
		{A844990D-56A1-465B-BF6A-DEC04D2423B1}.AppStore|iPhone.Deploy.0 = Release|x86
		{A844990D-56A1-465B-BF6A-DEC04D2423B1}.AppStore|iPhoneSimulator.ActiveCfg = Release|x86
		{A844990D-56A1-465B-BF6A-DEC04D2423B1}.AppStore|iPhoneSimulator.Build.0 = Release|x86
		{A844990D-56A1-465B-BF6A-DEC04D2423B1}.AppStore|iPhoneSimulator.Deploy.0 = Release|x86
		{A844990D-56A1-465B-BF6A-DEC04D2423B1}.AppStore|x64.ActiveCfg = Release|x64
		{A844990D-56A1-465B-BF6A-DEC04D2423B1}.AppStore|x64.Build.0 = Release|x64
		{A844990D-56A1-465B-BF6A-DEC04D2423B1}.AppStore|x64.Deploy.0 = Release|x64
		{A844990D-56A1-465B-BF6A-DEC04D2423B1}.AppStore|x86.ActiveCfg = Release|x86
		{A844990D-56A1-465B-BF6A-DEC04D2423B1}.AppStore|x86.Build.0 = Release|x86
		{A844990D-56A1-465B-BF6A-DEC04D2423B1}.AppStore|x86.Deploy.0 = Release|x86
		{A844990D-56A1-465B-BF6A-DEC04D2423B1}.Debug|Any CPU.ActiveCfg = Debug|x86
		{A844990D-56A1-465B-BF6A-DEC04D2423B1}.Debug|ARM.ActiveCfg = Debug|ARM
		{A844990D-56A1-465B-BF6A-DEC04D2423B1}.Debug|ARM.Build.0 = Debug|ARM
		{A844990D-56A1-465B-BF6A-DEC04D2423B1}.Debug|ARM.Deploy.0 = Debug|ARM
		{A844990D-56A1-465B-BF6A-DEC04D2423B1}.Debug|iPhone.ActiveCfg = Debug|x86
		{A844990D-56A1-465B-BF6A-DEC04D2423B1}.Debug|iPhoneSimulator.ActiveCfg = Debug|x86
		{A844990D-56A1-465B-BF6A-DEC04D2423B1}.Debug|x64.ActiveCfg = Debug|x64
		{A844990D-56A1-465B-BF6A-DEC04D2423B1}.Debug|x64.Build.0 = Debug|x64
		{A844990D-56A1-465B-BF6A-DEC04D2423B1}.Debug|x64.Deploy.0 = Debug|x64
		{A844990D-56A1-465B-BF6A-DEC04D2423B1}.Debug|x86.ActiveCfg = Debug|x86
		{A844990D-56A1-465B-BF6A-DEC04D2423B1}.Debug|x86.Build.0 = Debug|x86
		{A844990D-56A1-465B-BF6A-DEC04D2423B1}.Debug|x86.Deploy.0 = Debug|x86
		{A844990D-56A1-465B-BF6A-DEC04D2423B1}.Release|Any CPU.ActiveCfg = Release|x86
		{A844990D-56A1-465B-BF6A-DEC04D2423B1}.Release|ARM.ActiveCfg = Release|ARM
		{A844990D-56A1-465B-BF6A-DEC04D2423B1}.Release|ARM.Build.0 = Release|ARM
		{A844990D-56A1-465B-BF6A-DEC04D2423B1}.Release|ARM.Deploy.0 = Release|ARM
		{A844990D-56A1-465B-BF6A-DEC04D2423B1}.Release|iPhone.ActiveCfg = Release|x86
		{A844990D-56A1-465B-BF6A-DEC04D2423B1}.Release|iPhoneSimulator.ActiveCfg = Release|x86
		{A844990D-56A1-465B-BF6A-DEC04D2423B1}.Release|x64.ActiveCfg = Release|x64
		{A844990D-56A1-465B-BF6A-DEC04D2423B1}.Release|x64.Build.0 = Release|x64
		{A844990D-56A1-465B-BF6A-DEC04D2423B1}.Release|x64.Deploy.0 = Release|x64
		{A844990D-56A1-465B-BF6A-DEC04D2423B1}.Release|x86.ActiveCfg = Release|x86
		{A844990D-56A1-465B-BF6A-DEC04D2423B1}.Release|x86.Build.0 = Release|x86
		{A844990D-56A1-465B-BF6A-DEC04D2423B1}.Release|x86.Deploy.0 = Release|x86
		{209FB88D-525F-4581-BADE-AEFCC4080894}.Ad-Hoc|Any CPU.ActiveCfg = Release|Any CPU
		{209FB88D-525F-4581-BADE-AEFCC4080894}.Ad-Hoc|Any CPU.Build.0 = Release|Any CPU
		{209FB88D-525F-4581-BADE-AEFCC4080894}.Ad-Hoc|Any CPU.Deploy.0 = Release|Any CPU
		{209FB88D-525F-4581-BADE-AEFCC4080894}.Ad-Hoc|ARM.ActiveCfg = Release|ARM
		{209FB88D-525F-4581-BADE-AEFCC4080894}.Ad-Hoc|ARM.Build.0 = Release|ARM
		{209FB88D-525F-4581-BADE-AEFCC4080894}.Ad-Hoc|ARM.Deploy.0 = Release|ARM
		{209FB88D-525F-4581-BADE-AEFCC4080894}.Ad-Hoc|iPhone.ActiveCfg = Release|Any CPU
		{209FB88D-525F-4581-BADE-AEFCC4080894}.Ad-Hoc|iPhone.Build.0 = Release|Any CPU
		{209FB88D-525F-4581-BADE-AEFCC4080894}.Ad-Hoc|iPhone.Deploy.0 = Release|Any CPU
		{209FB88D-525F-4581-BADE-AEFCC4080894}.Ad-Hoc|iPhoneSimulator.ActiveCfg = Release|Any CPU
		{209FB88D-525F-4581-BADE-AEFCC4080894}.Ad-Hoc|iPhoneSimulator.Build.0 = Release|Any CPU
		{209FB88D-525F-4581-BADE-AEFCC4080894}.Ad-Hoc|iPhoneSimulator.Deploy.0 = Release|Any CPU
		{209FB88D-525F-4581-BADE-AEFCC4080894}.Ad-Hoc|x64.ActiveCfg = Release|x64
		{209FB88D-525F-4581-BADE-AEFCC4080894}.Ad-Hoc|x64.Build.0 = Release|x64
		{209FB88D-525F-4581-BADE-AEFCC4080894}.Ad-Hoc|x64.Deploy.0 = Release|x64
		{209FB88D-525F-4581-BADE-AEFCC4080894}.Ad-Hoc|x86.ActiveCfg = Release|x86
		{209FB88D-525F-4581-BADE-AEFCC4080894}.Ad-Hoc|x86.Build.0 = Release|x86
		{209FB88D-525F-4581-BADE-AEFCC4080894}.Ad-Hoc|x86.Deploy.0 = Release|x86
		{209FB88D-525F-4581-BADE-AEFCC4080894}.AppStore|Any CPU.ActiveCfg = Release|Any CPU
		{209FB88D-525F-4581-BADE-AEFCC4080894}.AppStore|Any CPU.Build.0 = Release|Any CPU
		{209FB88D-525F-4581-BADE-AEFCC4080894}.AppStore|Any CPU.Deploy.0 = Release|Any CPU
		{209FB88D-525F-4581-BADE-AEFCC4080894}.AppStore|ARM.ActiveCfg = Release|ARM
		{209FB88D-525F-4581-BADE-AEFCC4080894}.AppStore|ARM.Build.0 = Release|ARM
		{209FB88D-525F-4581-BADE-AEFCC4080894}.AppStore|ARM.Deploy.0 = Release|ARM
		{209FB88D-525F-4581-BADE-AEFCC4080894}.AppStore|iPhone.ActiveCfg = Release|Any CPU
		{209FB88D-525F-4581-BADE-AEFCC4080894}.AppStore|iPhone.Build.0 = Release|Any CPU
		{209FB88D-525F-4581-BADE-AEFCC4080894}.AppStore|iPhone.Deploy.0 = Release|Any CPU
		{209FB88D-525F-4581-BADE-AEFCC4080894}.AppStore|iPhoneSimulator.ActiveCfg = Release|Any CPU
		{209FB88D-525F-4581-BADE-AEFCC4080894}.AppStore|iPhoneSimulator.Build.0 = Release|Any CPU
		{209FB88D-525F-4581-BADE-AEFCC4080894}.AppStore|iPhoneSimulator.Deploy.0 = Release|Any CPU
		{209FB88D-525F-4581-BADE-AEFCC4080894}.AppStore|x64.ActiveCfg = Release|x64
		{209FB88D-525F-4581-BADE-AEFCC4080894}.AppStore|x64.Build.0 = Release|x64
		{209FB88D-525F-4581-BADE-AEFCC4080894}.AppStore|x64.Deploy.0 = Release|x64
		{209FB88D-525F-4581-BADE-AEFCC4080894}.AppStore|x86.ActiveCfg = Release|x86
		{209FB88D-525F-4581-BADE-AEFCC4080894}.AppStore|x86.Build.0 = Release|x86
		{209FB88D-525F-4581-BADE-AEFCC4080894}.AppStore|x86.Deploy.0 = Release|x86
		{209FB88D-525F-4581-BADE-AEFCC4080894}.Debug|Any CPU.ActiveCfg = Debug|Any CPU
		{209FB88D-525F-4581-BADE-AEFCC4080894}.Debug|Any CPU.Build.0 = Debug|Any CPU
		{209FB88D-525F-4581-BADE-AEFCC4080894}.Debug|Any CPU.Deploy.0 = Debug|Any CPU
		{209FB88D-525F-4581-BADE-AEFCC4080894}.Debug|ARM.ActiveCfg = Debug|ARM
		{209FB88D-525F-4581-BADE-AEFCC4080894}.Debug|ARM.Build.0 = Debug|ARM
		{209FB88D-525F-4581-BADE-AEFCC4080894}.Debug|ARM.Deploy.0 = Debug|ARM
		{209FB88D-525F-4581-BADE-AEFCC4080894}.Debug|iPhone.ActiveCfg = Debug|Any CPU
		{209FB88D-525F-4581-BADE-AEFCC4080894}.Debug|iPhone.Build.0 = Debug|Any CPU
		{209FB88D-525F-4581-BADE-AEFCC4080894}.Debug|iPhone.Deploy.0 = Debug|Any CPU
		{209FB88D-525F-4581-BADE-AEFCC4080894}.Debug|iPhoneSimulator.ActiveCfg = Debug|Any CPU
		{209FB88D-525F-4581-BADE-AEFCC4080894}.Debug|iPhoneSimulator.Build.0 = Debug|Any CPU
		{209FB88D-525F-4581-BADE-AEFCC4080894}.Debug|iPhoneSimulator.Deploy.0 = Debug|Any CPU
		{209FB88D-525F-4581-BADE-AEFCC4080894}.Debug|x64.ActiveCfg = Debug|x64
		{209FB88D-525F-4581-BADE-AEFCC4080894}.Debug|x64.Build.0 = Debug|x64
		{209FB88D-525F-4581-BADE-AEFCC4080894}.Debug|x64.Deploy.0 = Debug|x64
		{209FB88D-525F-4581-BADE-AEFCC4080894}.Debug|x86.ActiveCfg = Debug|x86
		{209FB88D-525F-4581-BADE-AEFCC4080894}.Debug|x86.Build.0 = Debug|x86
		{209FB88D-525F-4581-BADE-AEFCC4080894}.Debug|x86.Deploy.0 = Debug|x86
		{209FB88D-525F-4581-BADE-AEFCC4080894}.Release|Any CPU.ActiveCfg = Release|Any CPU
		{209FB88D-525F-4581-BADE-AEFCC4080894}.Release|Any CPU.Build.0 = Release|Any CPU
		{209FB88D-525F-4581-BADE-AEFCC4080894}.Release|Any CPU.Deploy.0 = Release|Any CPU
		{209FB88D-525F-4581-BADE-AEFCC4080894}.Release|ARM.ActiveCfg = Release|ARM
		{209FB88D-525F-4581-BADE-AEFCC4080894}.Release|ARM.Build.0 = Release|ARM
		{209FB88D-525F-4581-BADE-AEFCC4080894}.Release|ARM.Deploy.0 = Release|ARM
		{209FB88D-525F-4581-BADE-AEFCC4080894}.Release|iPhone.ActiveCfg = Release|Any CPU
		{209FB88D-525F-4581-BADE-AEFCC4080894}.Release|iPhone.Build.0 = Release|Any CPU
		{209FB88D-525F-4581-BADE-AEFCC4080894}.Release|iPhone.Deploy.0 = Release|Any CPU
		{209FB88D-525F-4581-BADE-AEFCC4080894}.Release|iPhoneSimulator.ActiveCfg = Release|Any CPU
		{209FB88D-525F-4581-BADE-AEFCC4080894}.Release|iPhoneSimulator.Build.0 = Release|Any CPU
		{209FB88D-525F-4581-BADE-AEFCC4080894}.Release|iPhoneSimulator.Deploy.0 = Release|Any CPU
		{209FB88D-525F-4581-BADE-AEFCC4080894}.Release|x64.ActiveCfg = Release|x64
		{209FB88D-525F-4581-BADE-AEFCC4080894}.Release|x64.Build.0 = Release|x64
		{209FB88D-525F-4581-BADE-AEFCC4080894}.Release|x64.Deploy.0 = Release|x64
		{209FB88D-525F-4581-BADE-AEFCC4080894}.Release|x86.ActiveCfg = Release|x86
		{209FB88D-525F-4581-BADE-AEFCC4080894}.Release|x86.Build.0 = Release|x86
		{209FB88D-525F-4581-BADE-AEFCC4080894}.Release|x86.Deploy.0 = Release|x86
		{3969E60C-A9FB-4DFA-8D97-F95E6660D4D0}.Ad-Hoc|Any CPU.ActiveCfg = Release|Any CPU
		{3969E60C-A9FB-4DFA-8D97-F95E6660D4D0}.Ad-Hoc|Any CPU.Build.0 = Release|Any CPU
		{3969E60C-A9FB-4DFA-8D97-F95E6660D4D0}.Ad-Hoc|ARM.ActiveCfg = Release|Any CPU
		{3969E60C-A9FB-4DFA-8D97-F95E6660D4D0}.Ad-Hoc|ARM.Build.0 = Release|Any CPU
		{3969E60C-A9FB-4DFA-8D97-F95E6660D4D0}.Ad-Hoc|iPhone.ActiveCfg = Release|Any CPU
		{3969E60C-A9FB-4DFA-8D97-F95E6660D4D0}.Ad-Hoc|iPhone.Build.0 = Release|Any CPU
		{3969E60C-A9FB-4DFA-8D97-F95E6660D4D0}.Ad-Hoc|iPhoneSimulator.ActiveCfg = Release|Any CPU
		{3969E60C-A9FB-4DFA-8D97-F95E6660D4D0}.Ad-Hoc|iPhoneSimulator.Build.0 = Release|Any CPU
		{3969E60C-A9FB-4DFA-8D97-F95E6660D4D0}.Ad-Hoc|x64.ActiveCfg = Release|Any CPU
		{3969E60C-A9FB-4DFA-8D97-F95E6660D4D0}.Ad-Hoc|x64.Build.0 = Release|Any CPU
		{3969E60C-A9FB-4DFA-8D97-F95E6660D4D0}.Ad-Hoc|x86.ActiveCfg = Release|Any CPU
		{3969E60C-A9FB-4DFA-8D97-F95E6660D4D0}.Ad-Hoc|x86.Build.0 = Release|Any CPU
		{3969E60C-A9FB-4DFA-8D97-F95E6660D4D0}.AppStore|Any CPU.ActiveCfg = Release|Any CPU
		{3969E60C-A9FB-4DFA-8D97-F95E6660D4D0}.AppStore|Any CPU.Build.0 = Release|Any CPU
		{3969E60C-A9FB-4DFA-8D97-F95E6660D4D0}.AppStore|ARM.ActiveCfg = Release|Any CPU
		{3969E60C-A9FB-4DFA-8D97-F95E6660D4D0}.AppStore|ARM.Build.0 = Release|Any CPU
		{3969E60C-A9FB-4DFA-8D97-F95E6660D4D0}.AppStore|iPhone.ActiveCfg = Release|Any CPU
		{3969E60C-A9FB-4DFA-8D97-F95E6660D4D0}.AppStore|iPhone.Build.0 = Release|Any CPU
		{3969E60C-A9FB-4DFA-8D97-F95E6660D4D0}.AppStore|iPhoneSimulator.ActiveCfg = Release|Any CPU
		{3969E60C-A9FB-4DFA-8D97-F95E6660D4D0}.AppStore|iPhoneSimulator.Build.0 = Release|Any CPU
		{3969E60C-A9FB-4DFA-8D97-F95E6660D4D0}.AppStore|x64.ActiveCfg = Release|Any CPU
		{3969E60C-A9FB-4DFA-8D97-F95E6660D4D0}.AppStore|x64.Build.0 = Release|Any CPU
		{3969E60C-A9FB-4DFA-8D97-F95E6660D4D0}.AppStore|x86.ActiveCfg = Release|Any CPU
		{3969E60C-A9FB-4DFA-8D97-F95E6660D4D0}.AppStore|x86.Build.0 = Release|Any CPU
		{3969E60C-A9FB-4DFA-8D97-F95E6660D4D0}.Debug|Any CPU.ActiveCfg = Debug|Any CPU
		{3969E60C-A9FB-4DFA-8D97-F95E6660D4D0}.Debug|Any CPU.Build.0 = Debug|Any CPU
		{3969E60C-A9FB-4DFA-8D97-F95E6660D4D0}.Debug|ARM.ActiveCfg = Debug|Any CPU
		{3969E60C-A9FB-4DFA-8D97-F95E6660D4D0}.Debug|ARM.Build.0 = Debug|Any CPU
		{3969E60C-A9FB-4DFA-8D97-F95E6660D4D0}.Debug|iPhone.ActiveCfg = Debug|Any CPU
		{3969E60C-A9FB-4DFA-8D97-F95E6660D4D0}.Debug|iPhone.Build.0 = Debug|Any CPU
		{3969E60C-A9FB-4DFA-8D97-F95E6660D4D0}.Debug|iPhoneSimulator.ActiveCfg = Debug|Any CPU
		{3969E60C-A9FB-4DFA-8D97-F95E6660D4D0}.Debug|iPhoneSimulator.Build.0 = Debug|Any CPU
		{3969E60C-A9FB-4DFA-8D97-F95E6660D4D0}.Debug|x64.ActiveCfg = Debug|Any CPU
		{3969E60C-A9FB-4DFA-8D97-F95E6660D4D0}.Debug|x64.Build.0 = Debug|Any CPU
		{3969E60C-A9FB-4DFA-8D97-F95E6660D4D0}.Debug|x86.ActiveCfg = Debug|Any CPU
		{3969E60C-A9FB-4DFA-8D97-F95E6660D4D0}.Debug|x86.Build.0 = Debug|Any CPU
		{3969E60C-A9FB-4DFA-8D97-F95E6660D4D0}.Release|Any CPU.ActiveCfg = Release|Any CPU
		{3969E60C-A9FB-4DFA-8D97-F95E6660D4D0}.Release|Any CPU.Build.0 = Release|Any CPU
		{3969E60C-A9FB-4DFA-8D97-F95E6660D4D0}.Release|ARM.ActiveCfg = Release|Any CPU
		{3969E60C-A9FB-4DFA-8D97-F95E6660D4D0}.Release|ARM.Build.0 = Release|Any CPU
		{3969E60C-A9FB-4DFA-8D97-F95E6660D4D0}.Release|iPhone.ActiveCfg = Release|Any CPU
		{3969E60C-A9FB-4DFA-8D97-F95E6660D4D0}.Release|iPhone.Build.0 = Release|Any CPU
		{3969E60C-A9FB-4DFA-8D97-F95E6660D4D0}.Release|iPhoneSimulator.ActiveCfg = Release|Any CPU
		{3969E60C-A9FB-4DFA-8D97-F95E6660D4D0}.Release|iPhoneSimulator.Build.0 = Release|Any CPU
		{3969E60C-A9FB-4DFA-8D97-F95E6660D4D0}.Release|x64.ActiveCfg = Release|Any CPU
		{3969E60C-A9FB-4DFA-8D97-F95E6660D4D0}.Release|x64.Build.0 = Release|Any CPU
		{3969E60C-A9FB-4DFA-8D97-F95E6660D4D0}.Release|x86.ActiveCfg = Release|Any CPU
		{3969E60C-A9FB-4DFA-8D97-F95E6660D4D0}.Release|x86.Build.0 = Release|Any CPU
	EndGlobalSection
	GlobalSection(SolutionProperties) = preSolution
		HideSolutionNode = FALSE
	EndGlobalSection
EndGlobal
